// !$*UTF8*$!
{
	archiveVersion = 1;
	classes = {
	};
	objectVersion = 46;
	objects = {

/* Begin PBXBuildFile section */
		0105E41E1C9154A200AC4F09 /* SpecialTestsTableViewController.swift in Sources */ = {isa = PBXBuildFile; fileRef = 0105E41D1C9154A200AC4F09 /* SpecialTestsTableViewController.swift */; };
		0105E4201C915FFD00AC4F09 /* SpecialTestManagedObject.swift in Sources */ = {isa = PBXBuildFile; fileRef = 0105E41F1C915FFD00AC4F09 /* SpecialTestManagedObject.swift */; };
		0105E4221C91600300AC4F09 /* SpecialTest.swift in Sources */ = {isa = PBXBuildFile; fileRef = 0105E4211C91600300AC4F09 /* SpecialTest.swift */; };
		010EC6F61CB4DA54004AA8A1 /* SystemBreakdownViewController.swift in Sources */ = {isa = PBXBuildFile; fileRef = 010EC6F51CB4DA54004AA8A1 /* SystemBreakdownViewController.swift */; };
		010EC6F81CB4E974004AA8A1 /* ExamTechniquesTableViewController.swift in Sources */ = {isa = PBXBuildFile; fileRef = 010EC6F71CB4E974004AA8A1 /* ExamTechniquesTableViewController.swift */; };
		010EC6FA1CB4F0FB004AA8A1 /* ExamTechniqueDetailsTableViewController.swift in Sources */ = {isa = PBXBuildFile; fileRef = 010EC6F91CB4F0FB004AA8A1 /* ExamTechniqueDetailsTableViewController.swift */; };
		010EC6FC1CB4FD60004AA8A1 /* ExamTechnique.swift in Sources */ = {isa = PBXBuildFile; fileRef = 010EC6FB1CB4FD60004AA8A1 /* ExamTechnique.swift */; };
		010EC6FE1CB4FD69004AA8A1 /* ExamTechniqueManagedObject.swift in Sources */ = {isa = PBXBuildFile; fileRef = 010EC6FD1CB4FD69004AA8A1 /* ExamTechniqueManagedObject.swift */; };
		011807061CABA5880061A64F /* Muscle.swift in Sources */ = {isa = PBXBuildFile; fileRef = 011807051CABA5880061A64F /* Muscle.swift */; };
		011807081CABA5AC0061A64F /* MuscleManagedObject.swift in Sources */ = {isa = PBXBuildFile; fileRef = 011807071CABA5AC0061A64F /* MuscleManagedObject.swift */; };
		0118070E1CABD4B50061A64F /* BasicPhoto.swift in Sources */ = {isa = PBXBuildFile; fileRef = 0118070D1CABD4B50061A64F /* BasicPhoto.swift */; };
		01195E331CAB515100CD7631 /* RangeOfMotionTableViewCell.swift in Sources */ = {isa = PBXBuildFile; fileRef = 01195E321CAB515100CD7631 /* RangeOfMotionTableViewCell.swift */; };
		011E01621C86463400AB8BA0 /* AppDelegate.swift in Sources */ = {isa = PBXBuildFile; fileRef = 011E01611C86463400AB8BA0 /* AppDelegate.swift */; };
		011E016C1C86463400AB8BA0 /* Assets.xcassets in Resources */ = {isa = PBXBuildFile; fileRef = 011E016B1C86463400AB8BA0 /* Assets.xcassets */; };
		011E01881C864A0500AB8BA0 /* DatastoreManager.swift in Sources */ = {isa = PBXBuildFile; fileRef = 011E01871C864A0500AB8BA0 /* DatastoreManager.swift */; };
		011E018E1C864A2900AB8BA0 /* JSONParser.swift in Sources */ = {isa = PBXBuildFile; fileRef = 011E018D1C864A2900AB8BA0 /* JSONParser.swift */; };
		011E019A1C864A6A00AB8BA0 /* RemoteConnectionManager.swift in Sources */ = {isa = PBXBuildFile; fileRef = 011E01991C864A6A00AB8BA0 /* RemoteConnectionManager.swift */; };
		011E01A61C864A8600AB8BA0 /* System.swift in Sources */ = {isa = PBXBuildFile; fileRef = 011E01A51C864A8600AB8BA0 /* System.swift */; };
		011E01AC1C864A9200AB8BA0 /* SystemManagedObject.swift in Sources */ = {isa = PBXBuildFile; fileRef = 011E01AB1C864A9200AB8BA0 /* SystemManagedObject.swift */; };
		011E01AE1C864A9600AB8BA0 /* SystemsTableViewController.swift in Sources */ = {isa = PBXBuildFile; fileRef = 011E01AD1C864A9600AB8BA0 /* SystemsTableViewController.swift */; };
		011E01B21C864A9D00AB8BA0 /* UserDefaultsManager.swift in Sources */ = {isa = PBXBuildFile; fileRef = 011E01B11C864A9D00AB8BA0 /* UserDefaultsManager.swift */; };
		011E01BB1C864C1A00AB8BA0 /* ClinicalSkillsCoreDataModel.xcdatamodeld in Sources */ = {isa = PBXBuildFile; fileRef = 011E01B91C864C1A00AB8BA0 /* ClinicalSkillsCoreDataModel.xcdatamodeld */; };
		011F3DA11C920A5F002749E5 /* SpecialTestDetailTableViewController.swift in Sources */ = {isa = PBXBuildFile; fileRef = 011F3DA01C920A5F002749E5 /* SpecialTestDetailTableViewController.swift */; };
		011F3DA31C927519002749E5 /* VideoLink.swift in Sources */ = {isa = PBXBuildFile; fileRef = 011F3DA21C927519002749E5 /* VideoLink.swift */; };
		011F3DA51C927522002749E5 /* VideoLinkManagedObject.swift in Sources */ = {isa = PBXBuildFile; fileRef = 011F3DA41C927522002749E5 /* VideoLinkManagedObject.swift */; };
		018FF8971C9010BF0087FB81 /* ComponentsTableViewController.swift in Sources */ = {isa = PBXBuildFile; fileRef = 018FF8961C9010BF0087FB81 /* ComponentsTableViewController.swift */; };
		01A610201CA4F20300A63ED6 /* ComponentDetailsTableViewController.swift in Sources */ = {isa = PBXBuildFile; fileRef = 01A6101F1CA4F20300A63ED6 /* ComponentDetailsTableViewController.swift */; };
		01A610221CA4FB2600A63ED6 /* RangeOfMotionManagedObject.swift in Sources */ = {isa = PBXBuildFile; fileRef = 01A610211CA4FB2600A63ED6 /* RangeOfMotionManagedObject.swift */; };
		01AB774E1CC059640059813F /* Clinical_SkillsUITests.swift in Sources */ = {isa = PBXBuildFile; fileRef = 01AB774D1CC059640059813F /* Clinical_SkillsUITests.swift */; };
		01BCAE671C8FC1920076ECE5 /* Component.swift in Sources */ = {isa = PBXBuildFile; fileRef = 01BCAE661C8FC1920076ECE5 /* Component.swift */; };
		01BCAE691C8FC2720076ECE5 /* ComponentManagedObject.swift in Sources */ = {isa = PBXBuildFile; fileRef = 01BCAE681C8FC2720076ECE5 /* ComponentManagedObject.swift */; };
		01BF47DF1C9555B6003B10CB /* ImagesTableViewCell.swift in Sources */ = {isa = PBXBuildFile; fileRef = 01BF47DE1C9555B6003B10CB /* ImagesTableViewCell.swift */; };
		01BF6F761C8D48D40067D804 /* Pocket History Guide.pdf in Resources */ = {isa = PBXBuildFile; fileRef = 01BF6F751C8D48D40067D804 /* Pocket History Guide.pdf */; };
		01BF6F781C8D4A410067D804 /* PocketHistoryViewController.swift in Sources */ = {isa = PBXBuildFile; fileRef = 01BF6F771C8D4A410067D804 /* PocketHistoryViewController.swift */; };
		01C157421CC36D83008B8240 /* FetchedResultsControllers.swift in Sources */ = {isa = PBXBuildFile; fileRef = 01C157411CC36D83008B8240 /* FetchedResultsControllers.swift */; };
		01CD863A1C865F2E00E4437D /* LaunchScreen.storyboard in Resources */ = {isa = PBXBuildFile; fileRef = 01CD86381C865F2E00E4437D /* LaunchScreen.storyboard */; };
		01CD863B1C865F2E00E4437D /* Main.storyboard in Resources */ = {isa = PBXBuildFile; fileRef = 01CD86391C865F2E00E4437D /* Main.storyboard */; };
		01CD86451C86A5F000E4437D /* Settings.bundle in Resources */ = {isa = PBXBuildFile; fileRef = 01CD86441C86A5F000E4437D /* Settings.bundle */; };
		01D42CBA1CA503A900A2AFD3 /* RangeOfMotion.swift in Sources */ = {isa = PBXBuildFile; fileRef = 01D42CB91CA503A900A2AFD3 /* RangeOfMotion.swift */; };
		01D620EE1C95348B00756A7F /* ImageCollectionViewCell.swift in Sources */ = {isa = PBXBuildFile; fileRef = 01D620ED1C95348B00756A7F /* ImageCollectionViewCell.swift */; };
		01D620F01C953A5700756A7F /* ImageLink.swift in Sources */ = {isa = PBXBuildFile; fileRef = 01D620EF1C953A5700756A7F /* ImageLink.swift */; };
		01D620F21C953A6500756A7F /* ImageLinkManagedObject.swift in Sources */ = {isa = PBXBuildFile; fileRef = 01D620F11C953A6500756A7F /* ImageLinkManagedObject.swift */; };
		01DB222F1CACD76A0069ECFB /* PalpationTableViewCell.swift in Sources */ = {isa = PBXBuildFile; fileRef = 01DB222E1CACD76A0069ECFB /* PalpationTableViewCell.swift */; };
		01DB22311CACDB110069ECFB /* Palpation.swift in Sources */ = {isa = PBXBuildFile; fileRef = 01DB22301CACDB110069ECFB /* Palpation.swift */; };
		01DB22331CACDB180069ECFB /* PalpationManagedObject.swift in Sources */ = {isa = PBXBuildFile; fileRef = 01DB22321CACDB180069ECFB /* PalpationManagedObject.swift */; };
		01DB22401CAD01350069ECFB /* StoryboardIdentifiers.swift in Sources */ = {isa = PBXBuildFile; fileRef = 01DB223F1CAD01350069ECFB /* StoryboardIdentifiers.swift */; };
		01E9FFDF1CB5C018005276AC /* VideoViewController.swift in Sources */ = {isa = PBXBuildFile; fileRef = 01E9FFDE1CB5C018005276AC /* VideoViewController.swift */; };
/* End PBXBuildFile section */

/* Begin PBXContainerItemProxy section */
		01AB77501CC059640059813F /* PBXContainerItemProxy */ = {
			isa = PBXContainerItemProxy;
			containerPortal = 011E01561C86463400AB8BA0 /* Project object */;
			proxyType = 1;
			remoteGlobalIDString = 011E015D1C86463400AB8BA0;
			remoteInfo = "Clinical Skills";
		};
/* End PBXContainerItemProxy section */

/* Begin PBXFileReference section */
		0105E41D1C9154A200AC4F09 /* SpecialTestsTableViewController.swift */ = {isa = PBXFileReference; fileEncoding = 4; lastKnownFileType = sourcecode.swift; path = SpecialTestsTableViewController.swift; sourceTree = "<group>"; };
		0105E41F1C915FFD00AC4F09 /* SpecialTestManagedObject.swift */ = {isa = PBXFileReference; fileEncoding = 4; lastKnownFileType = sourcecode.swift; path = SpecialTestManagedObject.swift; sourceTree = "<group>"; };
		0105E4211C91600300AC4F09 /* SpecialTest.swift */ = {isa = PBXFileReference; fileEncoding = 4; lastKnownFileType = sourcecode.swift; path = SpecialTest.swift; sourceTree = "<group>"; };
		010EC6F51CB4DA54004AA8A1 /* SystemBreakdownViewController.swift */ = {isa = PBXFileReference; fileEncoding = 4; lastKnownFileType = sourcecode.swift; path = SystemBreakdownViewController.swift; sourceTree = "<group>"; };
		010EC6F71CB4E974004AA8A1 /* ExamTechniquesTableViewController.swift */ = {isa = PBXFileReference; fileEncoding = 4; lastKnownFileType = sourcecode.swift; path = ExamTechniquesTableViewController.swift; sourceTree = "<group>"; };
		010EC6F91CB4F0FB004AA8A1 /* ExamTechniqueDetailsTableViewController.swift */ = {isa = PBXFileReference; fileEncoding = 4; lastKnownFileType = sourcecode.swift; path = ExamTechniqueDetailsTableViewController.swift; sourceTree = "<group>"; };
		010EC6FB1CB4FD60004AA8A1 /* ExamTechnique.swift */ = {isa = PBXFileReference; fileEncoding = 4; lastKnownFileType = sourcecode.swift; path = ExamTechnique.swift; sourceTree = "<group>"; };
		010EC6FD1CB4FD69004AA8A1 /* ExamTechniqueManagedObject.swift */ = {isa = PBXFileReference; fileEncoding = 4; lastKnownFileType = sourcecode.swift; name = ExamTechniqueManagedObject.swift; path = ../ExamTechniqueManagedObject.swift; sourceTree = "<group>"; };
		011807051CABA5880061A64F /* Muscle.swift */ = {isa = PBXFileReference; fileEncoding = 4; lastKnownFileType = sourcecode.swift; path = Muscle.swift; sourceTree = "<group>"; };
		011807071CABA5AC0061A64F /* MuscleManagedObject.swift */ = {isa = PBXFileReference; fileEncoding = 4; lastKnownFileType = sourcecode.swift; path = MuscleManagedObject.swift; sourceTree = "<group>"; };
		0118070D1CABD4B50061A64F /* BasicPhoto.swift */ = {isa = PBXFileReference; fileEncoding = 4; lastKnownFileType = sourcecode.swift; path = BasicPhoto.swift; sourceTree = "<group>"; };
		01195E321CAB515100CD7631 /* RangeOfMotionTableViewCell.swift */ = {isa = PBXFileReference; fileEncoding = 4; lastKnownFileType = sourcecode.swift; path = RangeOfMotionTableViewCell.swift; sourceTree = "<group>"; };
		011E015E1C86463400AB8BA0 /* Clinical Skills.app */ = {isa = PBXFileReference; explicitFileType = wrapper.application; includeInIndex = 0; path = "Clinical Skills.app"; sourceTree = BUILT_PRODUCTS_DIR; };
		011E01611C86463400AB8BA0 /* AppDelegate.swift */ = {isa = PBXFileReference; lastKnownFileType = sourcecode.swift; path = AppDelegate.swift; sourceTree = "<group>"; };
		011E016B1C86463400AB8BA0 /* Assets.xcassets */ = {isa = PBXFileReference; lastKnownFileType = folder.assetcatalog; path = Assets.xcassets; sourceTree = "<group>"; };
		011E01871C864A0500AB8BA0 /* DatastoreManager.swift */ = {isa = PBXFileReference; fileEncoding = 4; lastKnownFileType = sourcecode.swift; path = DatastoreManager.swift; sourceTree = "<group>"; };
		011E018D1C864A2900AB8BA0 /* JSONParser.swift */ = {isa = PBXFileReference; fileEncoding = 4; lastKnownFileType = sourcecode.swift; path = JSONParser.swift; sourceTree = "<group>"; };
		011E01991C864A6A00AB8BA0 /* RemoteConnectionManager.swift */ = {isa = PBXFileReference; fileEncoding = 4; lastKnownFileType = sourcecode.swift; path = RemoteConnectionManager.swift; sourceTree = "<group>"; };
		011E01A51C864A8600AB8BA0 /* System.swift */ = {isa = PBXFileReference; fileEncoding = 4; lastKnownFileType = sourcecode.swift; path = System.swift; sourceTree = "<group>"; };
		011E01AB1C864A9200AB8BA0 /* SystemManagedObject.swift */ = {isa = PBXFileReference; fileEncoding = 4; lastKnownFileType = sourcecode.swift; path = SystemManagedObject.swift; sourceTree = "<group>"; };
		011E01AD1C864A9600AB8BA0 /* SystemsTableViewController.swift */ = {isa = PBXFileReference; fileEncoding = 4; lastKnownFileType = sourcecode.swift; path = SystemsTableViewController.swift; sourceTree = "<group>"; };
		011E01B11C864A9D00AB8BA0 /* UserDefaultsManager.swift */ = {isa = PBXFileReference; fileEncoding = 4; lastKnownFileType = sourcecode.swift; path = UserDefaultsManager.swift; sourceTree = "<group>"; };
		011E01BA1C864C1A00AB8BA0 /* Clinical_Skills.xcdatamodel */ = {isa = PBXFileReference; lastKnownFileType = wrapper.xcdatamodel; path = Clinical_Skills.xcdatamodel; sourceTree = "<group>"; };
		011F3DA01C920A5F002749E5 /* SpecialTestDetailTableViewController.swift */ = {isa = PBXFileReference; fileEncoding = 4; lastKnownFileType = sourcecode.swift; path = SpecialTestDetailTableViewController.swift; sourceTree = "<group>"; };
		011F3DA21C927519002749E5 /* VideoLink.swift */ = {isa = PBXFileReference; fileEncoding = 4; lastKnownFileType = sourcecode.swift; path = VideoLink.swift; sourceTree = "<group>"; };
		011F3DA41C927522002749E5 /* VideoLinkManagedObject.swift */ = {isa = PBXFileReference; fileEncoding = 4; lastKnownFileType = sourcecode.swift; path = VideoLinkManagedObject.swift; sourceTree = "<group>"; };
		018FF8961C9010BF0087FB81 /* ComponentsTableViewController.swift */ = {isa = PBXFileReference; fileEncoding = 4; lastKnownFileType = sourcecode.swift; path = ComponentsTableViewController.swift; sourceTree = "<group>"; };
		01A6101F1CA4F20300A63ED6 /* ComponentDetailsTableViewController.swift */ = {isa = PBXFileReference; fileEncoding = 4; lastKnownFileType = sourcecode.swift; path = ComponentDetailsTableViewController.swift; sourceTree = "<group>"; };
		01A610211CA4FB2600A63ED6 /* RangeOfMotionManagedObject.swift */ = {isa = PBXFileReference; fileEncoding = 4; lastKnownFileType = sourcecode.swift; path = RangeOfMotionManagedObject.swift; sourceTree = "<group>"; };
		01AB774B1CC059640059813F /* Clinical SkillsUITests.xctest */ = {isa = PBXFileReference; explicitFileType = wrapper.cfbundle; includeInIndex = 0; path = "Clinical SkillsUITests.xctest"; sourceTree = BUILT_PRODUCTS_DIR; };
		01AB774D1CC059640059813F /* Clinical_SkillsUITests.swift */ = {isa = PBXFileReference; lastKnownFileType = sourcecode.swift; path = Clinical_SkillsUITests.swift; sourceTree = "<group>"; };
		01AB774F1CC059640059813F /* Info.plist */ = {isa = PBXFileReference; lastKnownFileType = text.plist.xml; path = Info.plist; sourceTree = "<group>"; };
		01BCAE661C8FC1920076ECE5 /* Component.swift */ = {isa = PBXFileReference; fileEncoding = 4; lastKnownFileType = sourcecode.swift; path = Component.swift; sourceTree = "<group>"; };
		01BCAE681C8FC2720076ECE5 /* ComponentManagedObject.swift */ = {isa = PBXFileReference; fileEncoding = 4; lastKnownFileType = sourcecode.swift; path = ComponentManagedObject.swift; sourceTree = "<group>"; };
		01BF47DE1C9555B6003B10CB /* ImagesTableViewCell.swift */ = {isa = PBXFileReference; fileEncoding = 4; lastKnownFileType = sourcecode.swift; name = ImagesTableViewCell.swift; path = Storyboard/ImagesTableViewCell.swift; sourceTree = "<group>"; };
		01BF6F751C8D48D40067D804 /* Pocket History Guide.pdf */ = {isa = PBXFileReference; lastKnownFileType = image.pdf; path = "Pocket History Guide.pdf"; sourceTree = "<group>"; };
		01BF6F771C8D4A410067D804 /* PocketHistoryViewController.swift */ = {isa = PBXFileReference; fileEncoding = 4; lastKnownFileType = sourcecode.swift; path = PocketHistoryViewController.swift; sourceTree = "<group>"; };
		01C157411CC36D83008B8240 /* FetchedResultsControllers.swift */ = {isa = PBXFileReference; fileEncoding = 4; lastKnownFileType = sourcecode.swift; name = FetchedResultsControllers.swift; path = "../Model/Core Data/FetchedResultsControllers.swift"; sourceTree = "<group>"; };
		01CD86381C865F2E00E4437D /* LaunchScreen.storyboard */ = {isa = PBXFileReference; fileEncoding = 4; lastKnownFileType = file.storyboard; path = LaunchScreen.storyboard; sourceTree = "<group>"; };
		01CD86391C865F2E00E4437D /* Main.storyboard */ = {isa = PBXFileReference; fileEncoding = 4; lastKnownFileType = file.storyboard; path = Main.storyboard; sourceTree = "<group>"; };
		01CD86401C865FB900E4437D /* Info.plist */ = {isa = PBXFileReference; fileEncoding = 4; lastKnownFileType = text.plist.xml; path = Info.plist; sourceTree = "<group>"; };
		01CD86441C86A5F000E4437D /* Settings.bundle */ = {isa = PBXFileReference; lastKnownFileType = "wrapper.plug-in"; path = Settings.bundle; sourceTree = "<group>"; };
		01D42CB91CA503A900A2AFD3 /* RangeOfMotion.swift */ = {isa = PBXFileReference; fileEncoding = 4; lastKnownFileType = sourcecode.swift; path = RangeOfMotion.swift; sourceTree = "<group>"; };
		01D620ED1C95348B00756A7F /* ImageCollectionViewCell.swift */ = {isa = PBXFileReference; fileEncoding = 4; lastKnownFileType = sourcecode.swift; path = ImageCollectionViewCell.swift; sourceTree = "<group>"; };
		01D620EF1C953A5700756A7F /* ImageLink.swift */ = {isa = PBXFileReference; fileEncoding = 4; lastKnownFileType = sourcecode.swift; path = ImageLink.swift; sourceTree = "<group>"; };
		01D620F11C953A6500756A7F /* ImageLinkManagedObject.swift */ = {isa = PBXFileReference; fileEncoding = 4; lastKnownFileType = sourcecode.swift; path = ImageLinkManagedObject.swift; sourceTree = "<group>"; };
		01DB222E1CACD76A0069ECFB /* PalpationTableViewCell.swift */ = {isa = PBXFileReference; fileEncoding = 4; lastKnownFileType = sourcecode.swift; name = PalpationTableViewCell.swift; path = "Table View Cells/PalpationTableViewCell.swift"; sourceTree = "<group>"; };
		01DB22301CACDB110069ECFB /* Palpation.swift */ = {isa = PBXFileReference; fileEncoding = 4; lastKnownFileType = sourcecode.swift; path = Palpation.swift; sourceTree = "<group>"; };
		01DB22321CACDB180069ECFB /* PalpationManagedObject.swift */ = {isa = PBXFileReference; fileEncoding = 4; lastKnownFileType = sourcecode.swift; path = PalpationManagedObject.swift; sourceTree = "<group>"; };
		01DB223F1CAD01350069ECFB /* StoryboardIdentifiers.swift */ = {isa = PBXFileReference; fileEncoding = 4; lastKnownFileType = sourcecode.swift; path = StoryboardIdentifiers.swift; sourceTree = "<group>"; };
		01E9FFDE1CB5C018005276AC /* VideoViewController.swift */ = {isa = PBXFileReference; fileEncoding = 4; lastKnownFileType = sourcecode.swift; path = VideoViewController.swift; sourceTree = "<group>"; };
/* End PBXFileReference section */

/* Begin PBXFrameworksBuildPhase section */
		011E015B1C86463400AB8BA0 /* Frameworks */ = {
			isa = PBXFrameworksBuildPhase;
			buildActionMask = 2147483647;
			files = (
			);
			runOnlyForDeploymentPostprocessing = 0;
		};
		01AB77481CC059640059813F /* Frameworks */ = {
			isa = PBXFrameworksBuildPhase;
			buildActionMask = 2147483647;
			files = (
			);
			runOnlyForDeploymentPostprocessing = 0;
		};
/* End PBXFrameworksBuildPhase section */

/* Begin PBXGroup section */
		011E01551C86463400AB8BA0 = {
			isa = PBXGroup;
			children = (
				011E01601C86463400AB8BA0 /* Clinical Skills */,
				01AB774C1CC059640059813F /* Clinical SkillsUITests */,
				011E015F1C86463400AB8BA0 /* Products */,
			);
			sourceTree = "<group>";
		};
		011E015F1C86463400AB8BA0 /* Products */ = {
			isa = PBXGroup;
			children = (
				011E015E1C86463400AB8BA0 /* Clinical Skills.app */,
				01AB774B1CC059640059813F /* Clinical SkillsUITests.xctest */,
			);
			name = Products;
			sourceTree = "<group>";
		};
		011E01601C86463400AB8BA0 /* Clinical Skills */ = {
			isa = PBXGroup;
			children = (
				011E018F1C864A3400AB8BA0 /* Model */,
				011E01771C8646A100AB8BA0 /* View */,
				011E01781C8646A500AB8BA0 /* Controller */,
				011E01791C8646AA00AB8BA0 /* Data */,
				011E017A1C8646AD00AB8BA0 /* Utilities */,
				011E017B1C8646B200AB8BA0 /* Supporting Files */,
			);
			path = "Clinical Skills";
			sourceTree = "<group>";
		};
		011E01761C86469B00AB8BA0 /* Core Data */ = {
			isa = PBXGroup;
			children = (
				011E01B91C864C1A00AB8BA0 /* ClinicalSkillsCoreDataModel.xcdatamodeld */,
				011E01AB1C864A9200AB8BA0 /* SystemManagedObject.swift */,
				01BCAE681C8FC2720076ECE5 /* ComponentManagedObject.swift */,
				010EC6FD1CB4FD69004AA8A1 /* ExamTechniqueManagedObject.swift */,
				01DB22321CACDB180069ECFB /* PalpationManagedObject.swift */,
				011807071CABA5AC0061A64F /* MuscleManagedObject.swift */,
				01A610211CA4FB2600A63ED6 /* RangeOfMotionManagedObject.swift */,
				0105E41F1C915FFD00AC4F09 /* SpecialTestManagedObject.swift */,
				01D620F11C953A6500756A7F /* ImageLinkManagedObject.swift */,
				011F3DA41C927522002749E5 /* VideoLinkManagedObject.swift */,
			);
			path = "Core Data";
			sourceTree = "<group>";
		};
		011E01771C8646A100AB8BA0 /* View */ = {
			isa = PBXGroup;
			children = (
				01DB223E1CAD01150069ECFB /* Table View Cells */,
				011E01BC1C86500400AB8BA0 /* Storyboard */,
			);
			path = View;
			sourceTree = "<group>";
		};
		011E01781C8646A500AB8BA0 /* Controller */ = {
			isa = PBXGroup;
			children = (
				011E01AD1C864A9600AB8BA0 /* SystemsTableViewController.swift */,
				010EC6F51CB4DA54004AA8A1 /* SystemBreakdownViewController.swift */,
				018FF8961C9010BF0087FB81 /* ComponentsTableViewController.swift */,
				01A6101F1CA4F20300A63ED6 /* ComponentDetailsTableViewController.swift */,
				0105E41D1C9154A200AC4F09 /* SpecialTestsTableViewController.swift */,
				011F3DA01C920A5F002749E5 /* SpecialTestDetailTableViewController.swift */,
				01BF6F771C8D4A410067D804 /* PocketHistoryViewController.swift */,
				010EC6F71CB4E974004AA8A1 /* ExamTechniquesTableViewController.swift */,
				010EC6F91CB4F0FB004AA8A1 /* ExamTechniqueDetailsTableViewController.swift */,
				01E9FFDE1CB5C018005276AC /* VideoViewController.swift */,
			);
			path = Controller;
			sourceTree = "<group>";
		};
		011E01791C8646AA00AB8BA0 /* Data */ = {
			isa = PBXGroup;
			children = (
				011E01991C864A6A00AB8BA0 /* RemoteConnectionManager.swift */,
				011E018D1C864A2900AB8BA0 /* JSONParser.swift */,
				011E01871C864A0500AB8BA0 /* DatastoreManager.swift */,
			);
			path = Data;
			sourceTree = "<group>";
		};
		011E017A1C8646AD00AB8BA0 /* Utilities */ = {
			isa = PBXGroup;
			children = (
				01DB223F1CAD01350069ECFB /* StoryboardIdentifiers.swift */,
				011E01B11C864A9D00AB8BA0 /* UserDefaultsManager.swift */,
				01C157411CC36D83008B8240 /* FetchedResultsControllers.swift */,
				0118070D1CABD4B50061A64F /* BasicPhoto.swift */,
			);
			path = Utilities;
			sourceTree = "<group>";
		};
		011E017B1C8646B200AB8BA0 /* Supporting Files */ = {
			isa = PBXGroup;
			children = (
				011E01611C86463400AB8BA0 /* AppDelegate.swift */,
				01BF6F751C8D48D40067D804 /* Pocket History Guide.pdf */,
				011E016B1C86463400AB8BA0 /* Assets.xcassets */,
				01CD86401C865FB900E4437D /* Info.plist */,
				01CD86441C86A5F000E4437D /* Settings.bundle */,
			);
			path = "Supporting Files";
			sourceTree = "<group>";
		};
		011E018F1C864A3400AB8BA0 /* Model */ = {
			isa = PBXGroup;
			children = (
				011E01A51C864A8600AB8BA0 /* System.swift */,
				01BCAE661C8FC1920076ECE5 /* Component.swift */,
				010EC6FB1CB4FD60004AA8A1 /* ExamTechnique.swift */,
				01DB22301CACDB110069ECFB /* Palpation.swift */,
				01D42CB91CA503A900A2AFD3 /* RangeOfMotion.swift */,
				011807051CABA5880061A64F /* Muscle.swift */,
				0105E4211C91600300AC4F09 /* SpecialTest.swift */,
				01D620EF1C953A5700756A7F /* ImageLink.swift */,
				011F3DA21C927519002749E5 /* VideoLink.swift */,
				011E01761C86469B00AB8BA0 /* Core Data */,
			);
			path = Model;
			sourceTree = "<group>";
		};
		011E01BC1C86500400AB8BA0 /* Storyboard */ = {
			isa = PBXGroup;
			children = (
				01CD86381C865F2E00E4437D /* LaunchScreen.storyboard */,
				01CD86391C865F2E00E4437D /* Main.storyboard */,
			);
			path = Storyboard;
			sourceTree = "<group>";
		};
		01AB774C1CC059640059813F /* Clinical SkillsUITests */ = {
			isa = PBXGroup;
			children = (
				01AB774D1CC059640059813F /* Clinical_SkillsUITests.swift */,
				01AB774F1CC059640059813F /* Info.plist */,
			);
			path = "Clinical SkillsUITests";
			sourceTree = "<group>";
		};
		01DB223E1CAD01150069ECFB /* Table View Cells */ = {
			isa = PBXGroup;
			children = (
				01BF47DE1C9555B6003B10CB /* ImagesTableViewCell.swift */,
				01D620ED1C95348B00756A7F /* ImageCollectionViewCell.swift */,
				01195E321CAB515100CD7631 /* RangeOfMotionTableViewCell.swift */,
				01DB222E1CACD76A0069ECFB /* PalpationTableViewCell.swift */,
			);
			name = "Table View Cells";
			sourceTree = "<group>";
		};
/* End PBXGroup section */

/* Begin PBXNativeTarget section */
		011E015D1C86463400AB8BA0 /* Clinical Skills */ = {
			isa = PBXNativeTarget;
			buildConfigurationList = 011E01731C86463400AB8BA0 /* Build configuration list for PBXNativeTarget "Clinical Skills" */;
			buildPhases = (
				011E015A1C86463400AB8BA0 /* Sources */,
				011E015B1C86463400AB8BA0 /* Frameworks */,
				011E015C1C86463400AB8BA0 /* Resources */,
				011E01821C86490300AB8BA0 /* ShellScript */,
			);
			buildRules = (
			);
			dependencies = (
			);
			name = "Clinical Skills";
			productName = "Clinical Skills";
			productReference = 011E015E1C86463400AB8BA0 /* Clinical Skills.app */;
			productType = "com.apple.product-type.application";
		};
		01AB774A1CC059640059813F /* Clinical SkillsUITests */ = {
			isa = PBXNativeTarget;
			buildConfigurationList = 01AB77541CC059640059813F /* Build configuration list for PBXNativeTarget "Clinical SkillsUITests" */;
			buildPhases = (
				01AB77471CC059640059813F /* Sources */,
				01AB77481CC059640059813F /* Frameworks */,
				01AB77491CC059640059813F /* Resources */,
			);
			buildRules = (
			);
			dependencies = (
				01AB77511CC059640059813F /* PBXTargetDependency */,
			);
			name = "Clinical SkillsUITests";
			productName = "Clinical SkillsUITests";
			productReference = 01AB774B1CC059640059813F /* Clinical SkillsUITests.xctest */;
			productType = "com.apple.product-type.bundle.ui-testing";
		};
/* End PBXNativeTarget section */

/* Begin PBXProject section */
		011E01561C86463400AB8BA0 /* Project object */ = {
			isa = PBXProject;
			attributes = {
				LastSwiftUpdateCheck = 0730;
				LastUpgradeCheck = 0720;
				ORGANIZATIONNAME = Nick;
				TargetAttributes = {
					011E015D1C86463400AB8BA0 = {
						CreatedOnToolsVersion = 7.2;
						DevelopmentTeam = 7GZ48WN6Q5;
					};
					01AB774A1CC059640059813F = {
						CreatedOnToolsVersion = 7.3;
						TestTargetID = 011E015D1C86463400AB8BA0;
					};
				};
			};
			buildConfigurationList = 011E01591C86463400AB8BA0 /* Build configuration list for PBXProject "Clinical Skills" */;
			compatibilityVersion = "Xcode 3.2";
			developmentRegion = English;
			hasScannedForEncodings = 0;
			knownRegions = (
				en,
				Base,
			);
			mainGroup = 011E01551C86463400AB8BA0;
			productRefGroup = 011E015F1C86463400AB8BA0 /* Products */;
			projectDirPath = "";
			projectRoot = "";
			targets = (
				011E015D1C86463400AB8BA0 /* Clinical Skills */,
				01AB774A1CC059640059813F /* Clinical SkillsUITests */,
			);
		};
/* End PBXProject section */

/* Begin PBXResourcesBuildPhase section */
		011E015C1C86463400AB8BA0 /* Resources */ = {
			isa = PBXResourcesBuildPhase;
			buildActionMask = 2147483647;
			files = (
				01CD86451C86A5F000E4437D /* Settings.bundle in Resources */,
				01CD863A1C865F2E00E4437D /* LaunchScreen.storyboard in Resources */,
				011E016C1C86463400AB8BA0 /* Assets.xcassets in Resources */,
				01BF6F761C8D48D40067D804 /* Pocket History Guide.pdf in Resources */,
				01CD863B1C865F2E00E4437D /* Main.storyboard in Resources */,
			);
			runOnlyForDeploymentPostprocessing = 0;
		};
		01AB77491CC059640059813F /* Resources */ = {
			isa = PBXResourcesBuildPhase;
			buildActionMask = 2147483647;
			files = (
			);
			runOnlyForDeploymentPostprocessing = 0;
		};
/* End PBXResourcesBuildPhase section */

/* Begin PBXShellScriptBuildPhase section */
		011E01821C86490300AB8BA0 /* ShellScript */ = {
			isa = PBXShellScriptBuildPhase;
			buildActionMask = 2147483647;
			files = (
			);
			inputPaths = (
				"$(SRCROOT)/Carthage/Build/iOS/SwiftyJSON.framework",
				"$(SRCROOT)/Carthage/Build/iOS/NYTPhotoViewer.framework",
				"$(SRCROOT)/Carthage/Build/iOS/NYTPhotoViewerCore.framework",
				"$(SRCROOT)/Carthage/Build/iOS/FLAnimatedImage.framework",
				"$(SRCROOT)/Carthage/Build/iOS/Async.framework",
			);
			outputPaths = (
			);
			runOnlyForDeploymentPostprocessing = 0;
			shellPath = /bin/sh;
			shellScript = "/usr/local/bin/carthage copy-frameworks";
		};
/* End PBXShellScriptBuildPhase section */

/* Begin PBXSourcesBuildPhase section */
		011E015A1C86463400AB8BA0 /* Sources */ = {
			isa = PBXSourcesBuildPhase;
			buildActionMask = 2147483647;
			files = (
				011807061CABA5880061A64F /* Muscle.swift in Sources */,
				010EC6FC1CB4FD60004AA8A1 /* ExamTechnique.swift in Sources */,
				01D42CBA1CA503A900A2AFD3 /* RangeOfMotion.swift in Sources */,
				01A610201CA4F20300A63ED6 /* ComponentDetailsTableViewController.swift in Sources */,
				0105E4221C91600300AC4F09 /* SpecialTest.swift in Sources */,
				01DB22311CACDB110069ECFB /* Palpation.swift in Sources */,
				010EC6FA1CB4F0FB004AA8A1 /* ExamTechniqueDetailsTableViewController.swift in Sources */,
				011807081CABA5AC0061A64F /* MuscleManagedObject.swift in Sources */,
				01DB22401CAD01350069ECFB /* StoryboardIdentifiers.swift in Sources */,
				01A610221CA4FB2600A63ED6 /* RangeOfMotionManagedObject.swift in Sources */,
				01DB222F1CACD76A0069ECFB /* PalpationTableViewCell.swift in Sources */,
				01D620F01C953A5700756A7F /* ImageLink.swift in Sources */,
				01BCAE671C8FC1920076ECE5 /* Component.swift in Sources */,
				01DB22331CACDB180069ECFB /* PalpationManagedObject.swift in Sources */,
				011E01A61C864A8600AB8BA0 /* System.swift in Sources */,
				011E01BB1C864C1A00AB8BA0 /* ClinicalSkillsCoreDataModel.xcdatamodeld in Sources */,
				011E01AE1C864A9600AB8BA0 /* SystemsTableViewController.swift in Sources */,
				01BCAE691C8FC2720076ECE5 /* ComponentManagedObject.swift in Sources */,
				011E019A1C864A6A00AB8BA0 /* RemoteConnectionManager.swift in Sources */,
				01BF47DF1C9555B6003B10CB /* ImagesTableViewCell.swift in Sources */,
				011E01B21C864A9D00AB8BA0 /* UserDefaultsManager.swift in Sources */,
				0105E41E1C9154A200AC4F09 /* SpecialTestsTableViewController.swift in Sources */,
				010EC6F61CB4DA54004AA8A1 /* SystemBreakdownViewController.swift in Sources */,
				0105E4201C915FFD00AC4F09 /* SpecialTestManagedObject.swift in Sources */,
				011E01881C864A0500AB8BA0 /* DatastoreManager.swift in Sources */,
				010EC6F81CB4E974004AA8A1 /* ExamTechniquesTableViewController.swift in Sources */,
				011E01AC1C864A9200AB8BA0 /* SystemManagedObject.swift in Sources */,
				011F3DA51C927522002749E5 /* VideoLinkManagedObject.swift in Sources */,
				011F3DA31C927519002749E5 /* VideoLink.swift in Sources */,
				010EC6FE1CB4FD69004AA8A1 /* ExamTechniqueManagedObject.swift in Sources */,
				011F3DA11C920A5F002749E5 /* SpecialTestDetailTableViewController.swift in Sources */,
				0118070E1CABD4B50061A64F /* BasicPhoto.swift in Sources */,
				01BF6F781C8D4A410067D804 /* PocketHistoryViewController.swift in Sources */,
				011E018E1C864A2900AB8BA0 /* JSONParser.swift in Sources */,
				01E9FFDF1CB5C018005276AC /* VideoViewController.swift in Sources */,
				01C157421CC36D83008B8240 /* FetchedResultsControllers.swift in Sources */,
				01D620F21C953A6500756A7F /* ImageLinkManagedObject.swift in Sources */,
				01195E331CAB515100CD7631 /* RangeOfMotionTableViewCell.swift in Sources */,
				018FF8971C9010BF0087FB81 /* ComponentsTableViewController.swift in Sources */,
				01D620EE1C95348B00756A7F /* ImageCollectionViewCell.swift in Sources */,
				011E01621C86463400AB8BA0 /* AppDelegate.swift in Sources */,
			);
			runOnlyForDeploymentPostprocessing = 0;
		};
		01AB77471CC059640059813F /* Sources */ = {
			isa = PBXSourcesBuildPhase;
			buildActionMask = 2147483647;
			files = (
				01AB774E1CC059640059813F /* Clinical_SkillsUITests.swift in Sources */,
			);
			runOnlyForDeploymentPostprocessing = 0;
		};
/* End PBXSourcesBuildPhase section */

/* Begin PBXTargetDependency section */
		01AB77511CC059640059813F /* PBXTargetDependency */ = {
			isa = PBXTargetDependency;
			target = 011E015D1C86463400AB8BA0 /* Clinical Skills */;
			targetProxy = 01AB77501CC059640059813F /* PBXContainerItemProxy */;
		};
/* End PBXTargetDependency section */

/* Begin XCBuildConfiguration section */
		011E01711C86463400AB8BA0 /* Debug */ = {
			isa = XCBuildConfiguration;
			buildSettings = {
				ALWAYS_SEARCH_USER_PATHS = NO;
				CLANG_CXX_LANGUAGE_STANDARD = "gnu++0x";
				CLANG_CXX_LIBRARY = "libc++";
				CLANG_ENABLE_MODULES = YES;
				CLANG_ENABLE_OBJC_ARC = YES;
				CLANG_WARN_BOOL_CONVERSION = YES;
				CLANG_WARN_CONSTANT_CONVERSION = YES;
				CLANG_WARN_DIRECT_OBJC_ISA_USAGE = YES_ERROR;
				CLANG_WARN_EMPTY_BODY = YES;
				CLANG_WARN_ENUM_CONVERSION = YES;
				CLANG_WARN_INT_CONVERSION = YES;
				CLANG_WARN_OBJC_ROOT_CLASS = YES_ERROR;
				CLANG_WARN_UNREACHABLE_CODE = YES;
				CLANG_WARN__DUPLICATE_METHOD_MATCH = YES;
				"CODE_SIGN_IDENTITY[sdk=iphoneos*]" = "iPhone Developer";
				COPY_PHASE_STRIP = NO;
				DEBUG_INFORMATION_FORMAT = dwarf;
				ENABLE_STRICT_OBJC_MSGSEND = YES;
				ENABLE_TESTABILITY = YES;
				GCC_C_LANGUAGE_STANDARD = gnu99;
				GCC_DYNAMIC_NO_PIC = NO;
				GCC_NO_COMMON_BLOCKS = YES;
				GCC_OPTIMIZATION_LEVEL = 0;
				GCC_PREPROCESSOR_DEFINITIONS = (
					"DEBUG=1",
					"$(inherited)",
				);
				GCC_WARN_64_TO_32_BIT_CONVERSION = YES;
				GCC_WARN_ABOUT_RETURN_TYPE = YES_ERROR;
				GCC_WARN_UNDECLARED_SELECTOR = YES;
				GCC_WARN_UNINITIALIZED_AUTOS = YES_AGGRESSIVE;
				GCC_WARN_UNUSED_FUNCTION = YES;
				GCC_WARN_UNUSED_VARIABLE = YES;
				IPHONEOS_DEPLOYMENT_TARGET = 9.2;
				MTL_ENABLE_DEBUG_INFO = YES;
				ONLY_ACTIVE_ARCH = YES;
				SDKROOT = iphoneos;
				SWIFT_OPTIMIZATION_LEVEL = "-Onone";
				TARGETED_DEVICE_FAMILY = "1,2";
			};
			name = Debug;
		};
		011E01721C86463400AB8BA0 /* Release */ = {
			isa = XCBuildConfiguration;
			buildSettings = {
				ALWAYS_SEARCH_USER_PATHS = NO;
				CLANG_CXX_LANGUAGE_STANDARD = "gnu++0x";
				CLANG_CXX_LIBRARY = "libc++";
				CLANG_ENABLE_MODULES = YES;
				CLANG_ENABLE_OBJC_ARC = YES;
				CLANG_WARN_BOOL_CONVERSION = YES;
				CLANG_WARN_CONSTANT_CONVERSION = YES;
				CLANG_WARN_DIRECT_OBJC_ISA_USAGE = YES_ERROR;
				CLANG_WARN_EMPTY_BODY = YES;
				CLANG_WARN_ENUM_CONVERSION = YES;
				CLANG_WARN_INT_CONVERSION = YES;
				CLANG_WARN_OBJC_ROOT_CLASS = YES_ERROR;
				CLANG_WARN_UNREACHABLE_CODE = YES;
				CLANG_WARN__DUPLICATE_METHOD_MATCH = YES;
				"CODE_SIGN_IDENTITY[sdk=iphoneos*]" = "iPhone Developer";
				COPY_PHASE_STRIP = NO;
				DEBUG_INFORMATION_FORMAT = "dwarf-with-dsym";
				ENABLE_NS_ASSERTIONS = NO;
				ENABLE_STRICT_OBJC_MSGSEND = YES;
				GCC_C_LANGUAGE_STANDARD = gnu99;
				GCC_NO_COMMON_BLOCKS = YES;
				GCC_WARN_64_TO_32_BIT_CONVERSION = YES;
				GCC_WARN_ABOUT_RETURN_TYPE = YES_ERROR;
				GCC_WARN_UNDECLARED_SELECTOR = YES;
				GCC_WARN_UNINITIALIZED_AUTOS = YES_AGGRESSIVE;
				GCC_WARN_UNUSED_FUNCTION = YES;
				GCC_WARN_UNUSED_VARIABLE = YES;
				IPHONEOS_DEPLOYMENT_TARGET = 9.2;
				MTL_ENABLE_DEBUG_INFO = NO;
				SDKROOT = iphoneos;
				TARGETED_DEVICE_FAMILY = "1,2";
				VALIDATE_PRODUCT = YES;
			};
			name = Release;
		};
		011E01741C86463400AB8BA0 /* Debug */ = {
			isa = XCBuildConfiguration;
			buildSettings = {
				ASSETCATALOG_COMPILER_APPICON_NAME = AppIcon;
				CLANG_ENABLE_MODULES = YES;
				CODE_SIGN_IDENTITY = "iPhone Developer";
				FRAMEWORK_SEARCH_PATHS = (
					"$(inherited)",
					"$(PROJECT_DIR)/Carthage/Build/iOS",
				);
				INFOPLIST_FILE = "$(SRCROOT)/Clinical Skills/Supporting Files/Info.plist";
				IPHONEOS_DEPLOYMENT_TARGET = 8.2;
				LD_RUNPATH_SEARCH_PATHS = "$(inherited) @executable_path/Frameworks";
				PRODUCT_BUNDLE_IDENTIFIER = "com.marshall.alexander.wvsom-clinical-skills";
				PRODUCT_NAME = "$(TARGET_NAME)";
				SWIFT_OPTIMIZATION_LEVEL = "-Onone";
			};
			name = Debug;
		};
		011E01751C86463400AB8BA0 /* Release */ = {
			isa = XCBuildConfiguration;
			buildSettings = {
				ASSETCATALOG_COMPILER_APPICON_NAME = AppIcon;
				CLANG_ENABLE_MODULES = YES;
				CODE_SIGN_IDENTITY = "iPhone Developer";
				ENABLE_TESTABILITY = YES;
				FRAMEWORK_SEARCH_PATHS = (
					"$(inherited)",
					"$(PROJECT_DIR)/Carthage/Build/iOS",
				);
				INFOPLIST_FILE = "$(SRCROOT)/Clinical Skills/Supporting Files/Info.plist";
				IPHONEOS_DEPLOYMENT_TARGET = 8.2;
				LD_RUNPATH_SEARCH_PATHS = "$(inherited) @executable_path/Frameworks";
				PRODUCT_BUNDLE_IDENTIFIER = "com.marshall.alexander.wvsom-clinical-skills";
				PRODUCT_NAME = "$(TARGET_NAME)";
			};
			name = Release;
		};
		01AB77521CC059640059813F /* Debug */ = {
			isa = XCBuildConfiguration;
			buildSettings = {
				CLANG_ANALYZER_NONNULL = YES;
				INFOPLIST_FILE = "Clinical SkillsUITests/Info.plist";
				IPHONEOS_DEPLOYMENT_TARGET = 9.3;
				LD_RUNPATH_SEARCH_PATHS = "$(inherited) @executable_path/Frameworks @loader_path/Frameworks";
				PRODUCT_BUNDLE_IDENTIFIER = "com.marshall.alexander.Clinical-SkillsUITests";
				PRODUCT_NAME = "$(TARGET_NAME)";
				TEST_TARGET_NAME = "Clinical Skills";
			};
			name = Debug;
		};
		01AB77531CC059640059813F /* Release */ = {
			isa = XCBuildConfiguration;
			buildSettings = {
				CLANG_ANALYZER_NONNULL = YES;
				INFOPLIST_FILE = "Clinical SkillsUITests/Info.plist";
				IPHONEOS_DEPLOYMENT_TARGET = 9.3;
				LD_RUNPATH_SEARCH_PATHS = "$(inherited) @executable_path/Frameworks @loader_path/Frameworks";
				PRODUCT_BUNDLE_IDENTIFIER = "com.marshall.alexander.Clinical-SkillsUITests";
				PRODUCT_NAME = "$(TARGET_NAME)";
				TEST_TARGET_NAME = "Clinical Skills";
			};
			name = Release;
		};
/* End XCBuildConfiguration section */

/* Begin XCConfigurationList section */
		011E01591C86463400AB8BA0 /* Build configuration list for PBXProject "Clinical Skills" */ = {
			isa = XCConfigurationList;
			buildConfigurations = (
				011E01711C86463400AB8BA0 /* Debug */,
				011E01721C86463400AB8BA0 /* Release */,
			);
			defaultConfigurationIsVisible = 0;
			defaultConfigurationName = Release;
		};
		011E01731C86463400AB8BA0 /* Build configuration list for PBXNativeTarget "Clinical Skills" */ = {
			isa = XCConfigurationList;
			buildConfigurations = (
				011E01741C86463400AB8BA0 /* Debug */,
				011E01751C86463400AB8BA0 /* Release */,
			);
			defaultConfigurationIsVisible = 0;
			defaultConfigurationName = Release;
		};
		01AB77541CC059640059813F /* Build configuration list for PBXNativeTarget "Clinical SkillsUITests" */ = {
			isa = XCConfigurationList;
			buildConfigurations = (
				01AB77521CC059640059813F /* Debug */,
				01AB77531CC059640059813F /* Release */,
			);
			defaultConfigurationIsVisible = 0;
			defaultConfigurationName = Release;
		};
/* End XCConfigurationList section */

/* Begin XCVersionGroup section */
		011E01B91C864C1A00AB8BA0 /* ClinicalSkillsCoreDataModel.xcdatamodeld */ = {
			isa = XCVersionGroup;
			children = (
				011E01BA1C864C1A00AB8BA0 /* Clinical_Skills.xcdatamodel */,
			);
			currentVersion = 011E01BA1C864C1A00AB8BA0 /* Clinical_Skills.xcdatamodel */;
			path = ClinicalSkillsCoreDataModel.xcdatamodeld;
			sourceTree = "<group>";
			versionGroupType = wrapper.xcdatamodel;
		};
/* End XCVersionGroup section */
	};
	rootObject = 011E01561C86463400AB8BA0 /* Project object */;
}
